// !$*UTF8*$!
{
	archiveVersion = 1;
	classes = {
	};
	objectVersion = 46;
	objects = {

/* Begin PBXBuildFile section */
		D25C807E1C2904E100312A46 /* AppDelegate.swift in Sources */ = {isa = PBXBuildFile; fileRef = D25C807D1C2904E100312A46 /* AppDelegate.swift */; };
		D25C80801C2904E100312A46 /* ViewController.swift in Sources */ = {isa = PBXBuildFile; fileRef = D25C807F1C2904E100312A46 /* ViewController.swift */; };
		D25C80831C2904E100312A46 /* Main.storyboard in Resources */ = {isa = PBXBuildFile; fileRef = D25C80811C2904E100312A46 /* Main.storyboard */; };
		D25C80851C2904E100312A46 /* Assets.xcassets in Resources */ = {isa = PBXBuildFile; fileRef = D25C80841C2904E100312A46 /* Assets.xcassets */; };
		D25C80881C2904E100312A46 /* LaunchScreen.storyboard in Resources */ = {isa = PBXBuildFile; fileRef = D25C80861C2904E100312A46 /* LaunchScreen.storyboard */; };
		D25C80901C2911AC00312A46 /* Minecraft.ttf in Resources */ = {isa = PBXBuildFile; fileRef = D25C808F1C2911AC00312A46 /* Minecraft.ttf */; };
		D29E88121C2A4A100053D561 /* btn.wav in Resources */ = {isa = PBXBuildFile; fileRef = D29E88111C2A4A100053D561 /* btn.wav */; };
/* End PBXBuildFile section */

/* Begin PBXFileReference section */
		D25C807A1C2904E100312A46 /* retroCalc.app */ = {isa = PBXFileReference; explicitFileType = wrapper.application; includeInIndex = 0; path = retroCalc.app; sourceTree = BUILT_PRODUCTS_DIR; };
		D25C807D1C2904E100312A46 /* AppDelegate.swift */ = {isa = PBXFileReference; lastKnownFileType = sourcecode.swift; path = AppDelegate.swift; sourceTree = "<group>"; };
		D25C807F1C2904E100312A46 /* ViewController.swift */ = {isa = PBXFileReference; lastKnownFileType = sourcecode.swift; path = ViewController.swift; sourceTree = "<group>"; };
		D25C80821C2904E100312A46 /* Base */ = {isa = PBXFileReference; lastKnownFileType = file.storyboard; name = Base; path = Base.lproj/Main.storyboard; sourceTree = "<group>"; };
		D25C80841C2904E100312A46 /* Assets.xcassets */ = {isa = PBXFileReference; lastKnownFileType = folder.assetcatalog; path = Assets.xcassets; sourceTree = "<group>"; };
		D25C80871C2904E100312A46 /* Base */ = {isa = PBXFileReference; lastKnownFileType = file.storyboard; name = Base; path = Base.lproj/LaunchScreen.storyboard; sourceTree = "<group>"; };
		D25C80891C2904E100312A46 /* Info.plist */ = {isa = PBXFileReference; lastKnownFileType = text.plist.xml; path = Info.plist; sourceTree = "<group>"; };
		D25C808F1C2911AC00312A46 /* Minecraft.ttf */ = {isa = PBXFileReference; lastKnownFileType = file; path = Minecraft.ttf; sourceTree = "<group>"; };
		D29E88111C2A4A100053D561 /* btn.wav */ = {isa = PBXFileReference; lastKnownFileType = audio.wav; path = btn.wav; sourceTree = "<group>"; };
/* End PBXFileReference section */

/* Begin PBXFrameworksBuildPhase section */
		D25C80771C2904E100312A46 /* Frameworks */ = {
			isa = PBXFrameworksBuildPhase;
			buildActionMask = 2147483647;
			files = (
			);
			runOnlyForDeploymentPostprocessing = 0;
		};
/* End PBXFrameworksBuildPhase section */

/* Begin PBXGroup section */
		D25C80711C2904E100312A46 = {
			isa = PBXGroup;
			children = (
				D25C807C1C2904E100312A46 /* retroCalc */,
				D25C807B1C2904E100312A46 /* Products */,
			);
			sourceTree = "<group>";
		};
		D25C807B1C2904E100312A46 /* Products */ = {
			isa = PBXGroup;
			children = (
				D25C807A1C2904E100312A46 /* retroCalc.app */,
			);
			name = Products;
			sourceTree = "<group>";
		};
		D25C807C1C2904E100312A46 /* retroCalc */ = {
			isa = PBXGroup;
			children = (
				D25C807D1C2904E100312A46 /* AppDelegate.swift */,
				D25C808F1C2911AC00312A46 /* Minecraft.ttf */,
				D29E88111C2A4A100053D561 /* btn.wav */,
				D25C807F1C2904E100312A46 /* ViewController.swift */,
				D25C80811C2904E100312A46 /* Main.storyboard */,
				D25C80841C2904E100312A46 /* Assets.xcassets */,
				D25C80861C2904E100312A46 /* LaunchScreen.storyboard */,
				D25C80891C2904E100312A46 /* Info.plist */,
			);
			path = retroCalc;
			sourceTree = "<group>";
		};
/* End PBXGroup section */

/* Begin PBXNativeTarget section */
		D25C80791C2904E100312A46 /* retroCalc */ = {
			isa = PBXNativeTarget;
			buildConfigurationList = D25C808C1C2904E100312A46 /* Build configuration list for PBXNativeTarget "retroCalc" */;
			buildPhases = (
				D25C80761C2904E100312A46 /* Sources */,
				D25C80771C2904E100312A46 /* Frameworks */,
				D25C80781C2904E100312A46 /* Resources */,
			);
			buildRules = (
			);
			dependencies = (
			);
			name = retroCalc;
			productName = retroCalc;
			productReference = D25C807A1C2904E100312A46 /* retroCalc.app */;
			productType = "com.apple.product-type.application";
		};
/* End PBXNativeTarget section */

/* Begin PBXProject section */
		D25C80721C2904E100312A46 /* Project object */ = {
			isa = PBXProject;
			attributes = {
				LastSwiftUpdateCheck = 0720;
				LastUpgradeCheck = 0720;
				ORGANIZATIONNAME = "Code Create Innovate";
				TargetAttributes = {
					D25C80791C2904E100312A46 = {
						CreatedOnToolsVersion = 7.2;
						DevelopmentTeam = ER4A5ZBPTH;
					};
				};
			};
			buildConfigurationList = D25C80751C2904E100312A46 /* Build configuration list for PBXProject "retroCalc" */;
			compatibilityVersion = "Xcode 3.2";
			developmentRegion = English;
			hasScannedForEncodings = 0;
			knownRegions = (
				en,
				Base,
			);
			mainGroup = D25C80711C2904E100312A46;
			productRefGroup = D25C807B1C2904E100312A46 /* Products */;
			projectDirPath = "";
			projectRoot = "";
			targets = (
				D25C80791C2904E100312A46 /* retroCalc */,
			);
		};
/* End PBXProject section */

/* Begin PBXResourcesBuildPhase section */
		D25C80781C2904E100312A46 /* Resources */ = {
			isa = PBXResourcesBuildPhase;
			buildActionMask = 2147483647;
			files = (
				D29E88121C2A4A100053D561 /* btn.wav in Resources */,
				D25C80881C2904E100312A46 /* LaunchScreen.storyboard in Resources */,
				D25C80851C2904E100312A46 /* Assets.xcassets in Resources */,
				D25C80901C2911AC00312A46 /* Minecraft.ttf in Resources */,
				D25C80831C2904E100312A46 /* Main.storyboard in Resources */,
			);
			runOnlyForDeploymentPostprocessing = 0;
		};
/* End PBXResourcesBuildPhase section */

/* Begin PBXSourcesBuildPhase section */
		D25C80761C2904E100312A46 /* Sources */ = {
			isa = PBXSourcesBuildPhase;
			buildActionMask = 2147483647;
			files = (
				D25C80801C2904E100312A46 /* ViewController.swift in Sources */,
				D25C807E1C2904E100312A46 /* AppDelegate.swift in Sources */,
			);
			runOnlyForDeploymentPostprocessing = 0;
		};
/* End PBXSourcesBuildPhase section */

/* Begin PBXVariantGroup section */
		D25C80811C2904E100312A46 /* Main.storyboard */ = {
			isa = PBXVariantGroup;
			children = (
				D25C80821C2904E100312A46 /* Base */,
			);
			name = Main.storyboard;
			sourceTree = "<group>";
		};
		D25C80861C2904E100312A46 /* LaunchScreen.storyboard */ = {
			isa = PBXVariantGroup;
			children = (
				D25C80871C2904E100312A46 /* Base */,
			);
			name = LaunchScreen.storyboard;
			sourceTree = "<group>";
		};
/* End PBXVariantGroup section */

/* Begin XCBuildConfiguration section */
		D25C808A1C2904E100312A46 /* Debug */ = {
			isa = XCBuildConfiguration;
			buildSettings = {
				ALWAYS_SEARCH_USER_PATHS = NO;
				CLANG_CXX_LANGUAGE_STANDARD = "gnu++0x";
				CLANG_CXX_LIBRARY = "libc++";
				CLANG_ENABLE_MODULES = YES;
				CLANG_ENABLE_OBJC_ARC = YES;
				CLANG_WARN_BOOL_CONVERSION = YES;
				CLANG_WARN_CONSTANT_CONVERSION = YES;
				CLANG_WARN_DIRECT_OBJC_ISA_USAGE = YES_ERROR;
				CLANG_WARN_EMPTY_BODY = YES;
				CLANG_WARN_ENUM_CONVERSION = YES;
				CLANG_WARN_INT_CONVERSION = YES;
				CLANG_WARN_OBJC_ROOT_CLASS = YES_ERROR;
				CLANG_WARN_UNREACHABLE_CODE = YES;
				CLANG_WARN__DUPLICATE_METHOD_MATCH = YES;
				"CODE_SIGN_IDENTITY[sdk=iphoneos*]" = "iPhone Developer";
				COPY_PHASE_STRIP = NO;
				DEBUG_INFORMATION_FORMAT = dwarf;
				ENABLE_STRICT_OBJC_MSGSEND = YES;
				ENABLE_TESTABILITY = YES;
				GCC_C_LANGUAGE_STANDARD = gnu99;
				GCC_DYNAMIC_NO_PIC = NO;
				GCC_NO_COMMON_BLOCKS = YES;
				GCC_OPTIMIZATION_LEVEL = 0;
				GCC_PREPROCESSOR_DEFINITIONS = (
					"DEBUG=1",
					"$(inherited)",
				);
				GCC_WARN_64_TO_32_BIT_CONVERSION = YES;
				GCC_WARN_ABOUT_RETURN_TYPE = YES_ERROR;
				GCC_WARN_UNDECLARED_SELECTOR = YES;
				GCC_WARN_UNINITIALIZED_AUTOS = YES_AGGRESSIVE;
				GCC_WARN_UNUSED_FUNCTION = YES;
				GCC_WARN_UNUSED_VARIABLE = YES;
				IPHONEOS_DEPLOYMENT_TARGET = 9.2;
				MTL_ENABLE_DEBUG_INFO = YES;
				ONLY_ACTIVE_ARCH = YES;
				SDKROOT = iphoneos;
				SWIFT_OPTIMIZATION_LEVEL = "-Onone";
			};
			name = Debug;
		};
		D25C808B1C2904E100312A46 /* Release */ = {
			isa = XCBuildConfiguration;
			buildSettings = {
				ALWAYS_SEARCH_USER_PATHS = NO;
				CLANG_CXX_LANGUAGE_STANDARD = "gnu++0x";
				CLANG_CXX_LIBRARY = "libc++";
				CLANG_ENABLE_MODULES = YES;
				CLANG_ENABLE_OBJC_ARC = YES;
				CLANG_WARN_BOOL_CONVERSION = YES;
				CLANG_WARN_CONSTANT_CONVERSION = YES;
				CLANG_WARN_DIRECT_OBJC_ISA_USAGE = YES_ERROR;
				CLANG_WARN_EMPTY_BODY = YES;
				CLANG_WARN_ENUM_CONVERSION = YES;
				CLANG_WARN_INT_CONVERSION = YES;
				CLANG_WARN_OBJC_ROOT_CLASS = YES_ERROR;
				CLANG_WARN_UNREACHABLE_CODE = YES;
				CLANG_WARN__DUPLICATE_METHOD_MATCH = YES;
				"CODE_SIGN_IDENTITY[sdk=iphoneos*]" = "iPhone Developer";
				COPY_PHASE_STRIP = NO;
				DEBUG_INFORMATION_FORMAT = "dwarf-with-dsym";
				ENABLE_NS_ASSERTIONS = NO;
				ENABLE_STRICT_OBJC_MSGSEND = YES;
				GCC_C_LANGUAGE_STANDARD = gnu99;
				GCC_NO_COMMON_BLOCKS = YES;
				GCC_WARN_64_TO_32_BIT_CONVERSION = YES;
				GCC_WARN_ABOUT_RETURN_TYPE = YES_ERROR;
				GCC_WARN_UNDECLARED_SELECTOR = YES;
				GCC_WARN_UNINITIALIZED_AUTOS = YES_AGGRESSIVE;
				GCC_WARN_UNUSED_FUNCTION = YES;
				GCC_WARN_UNUSED_VARIABLE = YES;
				IPHONEOS_DEPLOYMENT_TARGET = 9.2;
				MTL_ENABLE_DEBUG_INFO = NO;
				SDKROOT = iphoneos;
				VALIDATE_PRODUCT = YES;
			};
			name = Release;
		};
		D25C808D1C2904E100312A46 /* Debug */ = {
			isa = XCBuildConfiguration;
			buildSettings = {
				ASSETCATALOG_COMPILER_APPICON_NAME = AppIcon;
				INFOPLIST_FILE = retroCalc/Info.plist;
				LD_RUNPATH_SEARCH_PATHS = "$(inherited) @executable_path/Frameworks";
				PRODUCT_BUNDLE_IDENTIFIER = com.codecreateinnovate.retroCalc;
				PRODUCT_NAME = "$(TARGET_NAME)";
			};
			name = Debug;
		};
		D25C808E1C2904E100312A46 /* Release */ = {
			isa = XCBuildConfiguration;
			buildSettings = {
				ASSETCATALOG_COMPILER_APPICON_NAME = AppIcon;
				INFOPLIST_FILE = retroCalc/Info.plist;
				LD_RUNPATH_SEARCH_PATHS = "$(inherited) @executable_path/Frameworks";
				PRODUCT_BUNDLE_IDENTIFIER = com.codecreateinnovate.retroCalc;
				PRODUCT_NAME = "$(TARGET_NAME)";
			};
			name = Release;
		};
/* End XCBuildConfiguration section */

/* Begin XCConfigurationList section */
		D25C80751C2904E100312A46 /* Build configuration list for PBXProject "retroCalc" */ = {
			isa = XCConfigurationList;
			buildConfigurations = (
				D25C808A1C2904E100312A46 /* Debug */,
				D25C808B1C2904E100312A46 /* Release */,
			);
			defaultConfigurationIsVisible = 0;
			defaultConfigurationName = Release;
		};
		D25C808C1C2904E100312A46 /* Build configuration list for PBXNativeTarget "retroCalc" */ = {
			isa = XCConfigurationList;
			buildConfigurations = (
				D25C808D1C2904E100312A46 /* Debug */,
				D25C808E1C2904E100312A46 /* Release */,
			);
			defaultConfigurationIsVisible = 0;
			defaultConfigurationName = Release;
		};
/* End XCConfigurationList section */
	};
	rootObject = D25C80721C2904E100312A46 /* Project object */;
}
